
Microsoft Visual Studio Solution File, Format Version 12.00
# Visual Studio Version 17
VisualStudioVersion = 17.0.31903.59
MinimumVisualStudioVersion = 10.0.40219.1
Project("{2150E333-8FDC-42A3-9474-1A3956D46DE8}") = "src", "src", "{DF4AD635-D05C-407F-9283-71A32D774F49}"
EndProject
Project("{FAE04EC0-301F-11D3-BF4B-00C04F79EFBC}") = "AuctionService", "src\AuctionService\AuctionService.csproj", "{908F3ED6-FAF8-40D8-8CDC-FABB17418109}"
EndProject
Project("{FAE04EC0-301F-11D3-BF4B-00C04F79EFBC}") = "SearchService", "src\SearchService\SearchService.csproj", "{CA6F6285-37A0-4AB7-85FC-8335DF9561FD}"
EndProject
Project("{FAE04EC0-301F-11D3-BF4B-00C04F79EFBC}") = "Contracts", "src\Contracts\Contracts.csproj", "{D6B5BD80-4A10-4C0D-B5C6-6BB170D5F69A}"
EndProject
Project("{FAE04EC0-301F-11D3-BF4B-00C04F79EFBC}") = "IdentityService", "src\IdentityService\IdentityService.csproj", "{8B931BA0-83D5-4005-9E20-020E73CB1D06}"
EndProject
Global
	GlobalSection(SolutionConfigurationPlatforms) = preSolution
		Debug|Any CPU = Debug|Any CPU
		Release|Any CPU = Release|Any CPU
	EndGlobalSection
	GlobalSection(SolutionProperties) = preSolution
		HideSolutionNode = FALSE
	EndGlobalSection
	GlobalSection(ProjectConfigurationPlatforms) = postSolution
		{908F3ED6-FAF8-40D8-8CDC-FABB17418109}.Debug|Any CPU.ActiveCfg = Debug|Any CPU
		{908F3ED6-FAF8-40D8-8CDC-FABB17418109}.Debug|Any CPU.Build.0 = Debug|Any CPU
		{908F3ED6-FAF8-40D8-8CDC-FABB17418109}.Release|Any CPU.ActiveCfg = Release|Any CPU
		{908F3ED6-FAF8-40D8-8CDC-FABB17418109}.Release|Any CPU.Build.0 = Release|Any CPU
		{CA6F6285-37A0-4AB7-85FC-8335DF9561FD}.Debug|Any CPU.ActiveCfg = Debug|Any CPU
		{CA6F6285-37A0-4AB7-85FC-8335DF9561FD}.Debug|Any CPU.Build.0 = Debug|Any CPU
		{CA6F6285-37A0-4AB7-85FC-8335DF9561FD}.Release|Any CPU.ActiveCfg = Release|Any CPU
		{CA6F6285-37A0-4AB7-85FC-8335DF9561FD}.Release|Any CPU.Build.0 = Release|Any CPU
		{D6B5BD80-4A10-4C0D-B5C6-6BB170D5F69A}.Debug|Any CPU.ActiveCfg = Debug|Any CPU
		{D6B5BD80-4A10-4C0D-B5C6-6BB170D5F69A}.Debug|Any CPU.Build.0 = Debug|Any CPU
		{D6B5BD80-4A10-4C0D-B5C6-6BB170D5F69A}.Release|Any CPU.ActiveCfg = Release|Any CPU
		{D6B5BD80-4A10-4C0D-B5C6-6BB170D5F69A}.Release|Any CPU.Build.0 = Release|Any CPU
		{8B931BA0-83D5-4005-9E20-020E73CB1D06}.Debug|Any CPU.ActiveCfg = Debug|Any CPU
		{8B931BA0-83D5-4005-9E20-020E73CB1D06}.Debug|Any CPU.Build.0 = Debug|Any CPU
		{8B931BA0-83D5-4005-9E20-020E73CB1D06}.Release|Any CPU.ActiveCfg = Release|Any CPU
		{8B931BA0-83D5-4005-9E20-020E73CB1D06}.Release|Any CPU.Build.0 = Release|Any CPU
	EndGlobalSection
	GlobalSection(NestedProjects) = preSolution
		{908F3ED6-FAF8-40D8-8CDC-FABB17418109} = {DF4AD635-D05C-407F-9283-71A32D774F49}
		{CA6F6285-37A0-4AB7-85FC-8335DF9561FD} = {DF4AD635-D05C-407F-9283-71A32D774F49}
		{D6B5BD80-4A10-4C0D-B5C6-6BB170D5F69A} = {DF4AD635-D05C-407F-9283-71A32D774F49}
		{8B931BA0-83D5-4005-9E20-020E73CB1D06} = {DF4AD635-D05C-407F-9283-71A32D774F49}
	EndGlobalSection
EndGlobal
